# This file was autogenerated by Stack.
# You should not edit this file by hand.
# For more information, please see the documentation at:
#   https://docs.haskellstack.org/en/stable/lock_files

packages:
- completed:
    hackage: numeric-tools-0.2.0.1@sha256:dbf0191b3495570694b32a3c6f336da427008c550ea8753b5ca485af8bcf2985,1894
    pantry-tree:
      sha256: e4f96ece284c5954a73bb8ea9c22b9efb39e7da5fdd68e415b20d9f1d43dc43c
      size: 851
  original:
    hackage: numeric-tools-0.2.0.1
- completed:
    hackage: gl-capture-0.1.0.0@sha256:0fe7a58a8b692e4ac23cc816667d2a47fd8352a3e812c43cdae1240c0117d657,827
    pantry-tree:
      sha256: 7b610e8907b3896b3ee64d5ab65259f76386e3776bd5c8f0862701cec5a8bf62
      size: 230
  original:
    hackage: gl-capture-0.1.0.0
snapshots:
- completed:
    sha256: adbc602422dde10cc330175da7de8609e70afc41449a7e2d6e8b1827aa0e5008
    size: 649342
    url: https://raw.githubusercontent.com/commercialhaskell/stackage-snapshots/master/lts/20/11.yaml
  original: lts-20.11
